
Microsoft Visual Studio Solution File, Format Version 12.00
# Visual Studio Version 16
VisualStudioVersion = 16.0.30330.147
MinimumVisualStudioVersion = 10.0.40219.1
Project("{2150E333-8FDC-42A3-9474-1A3956D46DE8}") = "Model", "Model", "{14AC2397-7D86-48A1-88A7-336A788C41A6}"
EndProject
Project("{FAE04EC0-301F-11D3-BF4B-00C04F79EFBC}") = "CompetitionSystem.Model", "CompetitionSystem.Model\CompetitionSystem.Model.csproj", "{4FD523B7-4B30-4477-A2CE-2F534D543619}"
EndProject
Project("{2150E333-8FDC-42A3-9474-1A3956D46DE8}") = "DAL", "DAL", "{7B130A77-D71D-4450-9581-35386DBAFF00}"
EndProject
Project("{2150E333-8FDC-42A3-9474-1A3956D46DE8}") = "BLL", "BLL", "{C4D420C0-C1E7-4C4A-AECD-38F98FA6D7CE}"
EndProject
Project("{2150E333-8FDC-42A3-9474-1A3956D46DE8}") = "DTO", "DTO", "{5BA2DFF8-CCB6-4046-95AF-D08AC2CB6E49}"
EndProject
Project("{2150E333-8FDC-42A3-9474-1A3956D46DE8}") = "UI", "UI", "{E998DBCE-3F33-4A58-9A77-4E15A901D1C7}"
EndProject
Project("{FAE04EC0-301F-11D3-BF4B-00C04F79EFBC}") = "CompetitionSystem.IDAL", "CompetitionSystem.IDAL\CompetitionSystem.IDAL.csproj", "{4774EF94-D74B-47E6-8B34-89F4A84D1F13}"
EndProject
Project("{FAE04EC0-301F-11D3-BF4B-00C04F79EFBC}") = "CompetitionSystem.DAL", "CompetitionSystem.DAL\CompetitionSystem.DAL.csproj", "{553CB3DF-3F0C-409A-B958-949D28502CF8}"
EndProject
Project("{FAE04EC0-301F-11D3-BF4B-00C04F79EFBC}") = "CompetitionSystem.IBLL", "CompetitionSystem.IBLL\CompetitionSystem.IBLL.csproj", "{9F472D67-4C3F-41FE-9BAB-3A98DCF44745}"
EndProject
Project("{FAE04EC0-301F-11D3-BF4B-00C04F79EFBC}") = "CompetitionSystem.BLL", "CompetitionSystem.BLL\CompetitionSystem.BLL.csproj", "{53EA6817-68A4-41BC-A5BE-5E98A75E03D1}"
EndProject
Project("{FAE04EC0-301F-11D3-BF4B-00C04F79EFBC}") = "CompetitionSystem.DTO", "CompetitionSystem.DTO\CompetitionSystem.DTO.csproj", "{A8A9941F-37F1-48A1-BD25-8DF0C0448C98}"
EndProject
Project("{FAE04EC0-301F-11D3-BF4B-00C04F79EFBC}") = "CompetitionSystem.MVC", "CompetitionSystem.MVC\CompetitionSystem.MVC.csproj", "{F80353B5-699B-484B-AE24-9CFF27337EA2}"
EndProject
Global
	GlobalSection(SolutionConfigurationPlatforms) = preSolution
		Debug|Any CPU = Debug|Any CPU
		Release|Any CPU = Release|Any CPU
	EndGlobalSection
	GlobalSection(ProjectConfigurationPlatforms) = postSolution
		{4FD523B7-4B30-4477-A2CE-2F534D543619}.Debug|Any CPU.ActiveCfg = Debug|Any CPU
		{4FD523B7-4B30-4477-A2CE-2F534D543619}.Debug|Any CPU.Build.0 = Debug|Any CPU
		{4FD523B7-4B30-4477-A2CE-2F534D543619}.Release|Any CPU.ActiveCfg = Release|Any CPU
		{4FD523B7-4B30-4477-A2CE-2F534D543619}.Release|Any CPU.Build.0 = Release|Any CPU
		{4774EF94-D74B-47E6-8B34-89F4A84D1F13}.Debug|Any CPU.ActiveCfg = Debug|Any CPU
		{4774EF94-D74B-47E6-8B34-89F4A84D1F13}.Debug|Any CPU.Build.0 = Debug|Any CPU
		{4774EF94-D74B-47E6-8B34-89F4A84D1F13}.Release|Any CPU.ActiveCfg = Release|Any CPU
		{4774EF94-D74B-47E6-8B34-89F4A84D1F13}.Release|Any CPU.Build.0 = Release|Any CPU
		{553CB3DF-3F0C-409A-B958-949D28502CF8}.Debug|Any CPU.ActiveCfg = Debug|Any CPU
		{553CB3DF-3F0C-409A-B958-949D28502CF8}.Debug|Any CPU.Build.0 = Debug|Any CPU
		{553CB3DF-3F0C-409A-B958-949D28502CF8}.Release|Any CPU.ActiveCfg = Release|Any CPU
		{553CB3DF-3F0C-409A-B958-949D28502CF8}.Release|Any CPU.Build.0 = Release|Any CPU
		{9F472D67-4C3F-41FE-9BAB-3A98DCF44745}.Debug|Any CPU.ActiveCfg = Debug|Any CPU
		{9F472D67-4C3F-41FE-9BAB-3A98DCF44745}.Debug|Any CPU.Build.0 = Debug|Any CPU
		{9F472D67-4C3F-41FE-9BAB-3A98DCF44745}.Release|Any CPU.ActiveCfg = Release|Any CPU
		{9F472D67-4C3F-41FE-9BAB-3A98DCF44745}.Release|Any CPU.Build.0 = Release|Any CPU
		{53EA6817-68A4-41BC-A5BE-5E98A75E03D1}.Debug|Any CPU.ActiveCfg = Debug|Any CPU
		{53EA6817-68A4-41BC-A5BE-5E98A75E03D1}.Debug|Any CPU.Build.0 = Debug|Any CPU
		{53EA6817-68A4-41BC-A5BE-5E98A75E03D1}.Release|Any CPU.ActiveCfg = Release|Any CPU
		{53EA6817-68A4-41BC-A5BE-5E98A75E03D1}.Release|Any CPU.Build.0 = Release|Any CPU
		{A8A9941F-37F1-48A1-BD25-8DF0C0448C98}.Debug|Any CPU.ActiveCfg = Debug|Any CPU
		{A8A9941F-37F1-48A1-BD25-8DF0C0448C98}.Debug|Any CPU.Build.0 = Debug|Any CPU
		{A8A9941F-37F1-48A1-BD25-8DF0C0448C98}.Release|Any CPU.ActiveCfg = Release|Any CPU
		{A8A9941F-37F1-48A1-BD25-8DF0C0448C98}.Release|Any CPU.Build.0 = Release|Any CPU
		{F80353B5-699B-484B-AE24-9CFF27337EA2}.Debug|Any CPU.ActiveCfg = Debug|Any CPU
		{F80353B5-699B-484B-AE24-9CFF27337EA2}.Debug|Any CPU.Build.0 = Debug|Any CPU
		{F80353B5-699B-484B-AE24-9CFF27337EA2}.Release|Any CPU.ActiveCfg = Release|Any CPU
		{F80353B5-699B-484B-AE24-9CFF27337EA2}.Release|Any CPU.Build.0 = Release|Any CPU
	EndGlobalSection
	GlobalSection(SolutionProperties) = preSolution
		HideSolutionNode = FALSE
	EndGlobalSection
	GlobalSection(NestedProjects) = preSolution
		{4FD523B7-4B30-4477-A2CE-2F534D543619} = {14AC2397-7D86-48A1-88A7-336A788C41A6}
		{4774EF94-D74B-47E6-8B34-89F4A84D1F13} = {7B130A77-D71D-4450-9581-35386DBAFF00}
		{553CB3DF-3F0C-409A-B958-949D28502CF8} = {7B130A77-D71D-4450-9581-35386DBAFF00}
		{9F472D67-4C3F-41FE-9BAB-3A98DCF44745} = {C4D420C0-C1E7-4C4A-AECD-38F98FA6D7CE}
		{53EA6817-68A4-41BC-A5BE-5E98A75E03D1} = {C4D420C0-C1E7-4C4A-AECD-38F98FA6D7CE}
		{A8A9941F-37F1-48A1-BD25-8DF0C0448C98} = {5BA2DFF8-CCB6-4046-95AF-D08AC2CB6E49}
		{F80353B5-699B-484B-AE24-9CFF27337EA2} = {E998DBCE-3F33-4A58-9A77-4E15A901D1C7}
	EndGlobalSection
	GlobalSection(ExtensibilityGlobals) = postSolution
		SolutionGuid = {7B5E0B94-860A-40F7-93A1-3DB89DCFF20D}
	EndGlobalSection
EndGlobal
